// !$*UTF8*$!
{
	archiveVersion = 1;
	classes = {
	};
	objectVersion = 48;
	objects = {

/* Begin PBXBuildFile section */
		CFF3B5882032665900A165F1 /* AppDelegate.swift in Sources */ = {isa = PBXBuildFile; fileRef = CFF3B5872032665900A165F1 /* AppDelegate.swift */; };
		CFF3B58A2032665900A165F1 /* GameScene.sks in Resources */ = {isa = PBXBuildFile; fileRef = CFF3B5892032665900A165F1 /* GameScene.sks */; };
		CFF3B58C2032665900A165F1 /* Actions.sks in Resources */ = {isa = PBXBuildFile; fileRef = CFF3B58B2032665900A165F1 /* Actions.sks */; };
		CFF3B58E2032665900A165F1 /* GameScene.swift in Sources */ = {isa = PBXBuildFile; fileRef = CFF3B58D2032665900A165F1 /* GameScene.swift */; };
		CFF3B5902032665900A165F1 /* GameViewController.swift in Sources */ = {isa = PBXBuildFile; fileRef = CFF3B58F2032665900A165F1 /* GameViewController.swift */; };
		CFF3B5932032665900A165F1 /* Main.storyboard in Resources */ = {isa = PBXBuildFile; fileRef = CFF3B5912032665900A165F1 /* Main.storyboard */; };
		CFF3B5952032665900A165F1 /* Assets.xcassets in Resources */ = {isa = PBXBuildFile; fileRef = CFF3B5942032665900A165F1 /* Assets.xcassets */; };
		CFF3B5982032665900A165F1 /* LaunchScreen.storyboard in Resources */ = {isa = PBXBuildFile; fileRef = CFF3B5962032665900A165F1 /* LaunchScreen.storyboard */; };
		CFF3B5A32032665900A165F1 /* WordDropTests.swift in Sources */ = {isa = PBXBuildFile; fileRef = CFF3B5A22032665900A165F1 /* WordDropTests.swift */; };
		CFF3B5AE2032665900A165F1 /* WordDropUITests.swift in Sources */ = {isa = PBXBuildFile; fileRef = CFF3B5AD2032665900A165F1 /* WordDropUITests.swift */; };
/* End PBXBuildFile section */

/* Begin PBXContainerItemProxy section */
		CFF3B59F2032665900A165F1 /* PBXContainerItemProxy */ = {
			isa = PBXContainerItemProxy;
			containerPortal = CFF3B57C2032665900A165F1 /* Project object */;
			proxyType = 1;
			remoteGlobalIDString = CFF3B5832032665900A165F1;
			remoteInfo = WordDrop;
		};
		CFF3B5AA2032665900A165F1 /* PBXContainerItemProxy */ = {
			isa = PBXContainerItemProxy;
			containerPortal = CFF3B57C2032665900A165F1 /* Project object */;
			proxyType = 1;
			remoteGlobalIDString = CFF3B5832032665900A165F1;
			remoteInfo = WordDrop;
		};
/* End PBXContainerItemProxy section */

/* Begin PBXFileReference section */
		CFF3B5842032665900A165F1 /* WordDrop.app */ = {isa = PBXFileReference; explicitFileType = wrapper.application; includeInIndex = 0; path = WordDrop.app; sourceTree = BUILT_PRODUCTS_DIR; };
		CFF3B5872032665900A165F1 /* AppDelegate.swift */ = {isa = PBXFileReference; lastKnownFileType = sourcecode.swift; path = AppDelegate.swift; sourceTree = "<group>"; };
		CFF3B5892032665900A165F1 /* GameScene.sks */ = {isa = PBXFileReference; lastKnownFileType = file.sks; path = GameScene.sks; sourceTree = "<group>"; };
		CFF3B58B2032665900A165F1 /* Actions.sks */ = {isa = PBXFileReference; lastKnownFileType = file.sks; path = Actions.sks; sourceTree = "<group>"; };
		CFF3B58D2032665900A165F1 /* GameScene.swift */ = {isa = PBXFileReference; lastKnownFileType = sourcecode.swift; path = GameScene.swift; sourceTree = "<group>"; };
		CFF3B58F2032665900A165F1 /* GameViewController.swift */ = {isa = PBXFileReference; lastKnownFileType = sourcecode.swift; path = GameViewController.swift; sourceTree = "<group>"; };
		CFF3B5922032665900A165F1 /* Base */ = {isa = PBXFileReference; lastKnownFileType = file.storyboard; name = Base; path = Base.lproj/Main.storyboard; sourceTree = "<group>"; };
		CFF3B5942032665900A165F1 /* Assets.xcassets */ = {isa = PBXFileReference; lastKnownFileType = folder.assetcatalog; path = Assets.xcassets; sourceTree = "<group>"; };
		CFF3B5972032665900A165F1 /* Base */ = {isa = PBXFileReference; lastKnownFileType = file.storyboard; name = Base; path = Base.lproj/LaunchScreen.storyboard; sourceTree = "<group>"; };
		CFF3B5992032665900A165F1 /* Info.plist */ = {isa = PBXFileReference; lastKnownFileType = text.plist.xml; path = Info.plist; sourceTree = "<group>"; };
		CFF3B59E2032665900A165F1 /* WordDropTests.xctest */ = {isa = PBXFileReference; explicitFileType = wrapper.cfbundle; includeInIndex = 0; path = WordDropTests.xctest; sourceTree = BUILT_PRODUCTS_DIR; };
		CFF3B5A22032665900A165F1 /* WordDropTests.swift */ = {isa = PBXFileReference; lastKnownFileType = sourcecode.swift; path = WordDropTests.swift; sourceTree = "<group>"; };
		CFF3B5A42032665900A165F1 /* Info.plist */ = {isa = PBXFileReference; lastKnownFileType = text.plist.xml; path = Info.plist; sourceTree = "<group>"; };
		CFF3B5A92032665900A165F1 /* WordDropUITests.xctest */ = {isa = PBXFileReference; explicitFileType = wrapper.cfbundle; includeInIndex = 0; path = WordDropUITests.xctest; sourceTree = BUILT_PRODUCTS_DIR; };
		CFF3B5AD2032665900A165F1 /* WordDropUITests.swift */ = {isa = PBXFileReference; lastKnownFileType = sourcecode.swift; path = WordDropUITests.swift; sourceTree = "<group>"; };
		CFF3B5AF2032665900A165F1 /* Info.plist */ = {isa = PBXFileReference; lastKnownFileType = text.plist.xml; path = Info.plist; sourceTree = "<group>"; };
/* End PBXFileReference section */

/* Begin PBXFrameworksBuildPhase section */
		CFF3B5812032665900A165F1 /* Frameworks */ = {
			isa = PBXFrameworksBuildPhase;
			buildActionMask = 2147483647;
			files = (
			);
			runOnlyForDeploymentPostprocessing = 0;
		};
		CFF3B59B2032665900A165F1 /* Frameworks */ = {
			isa = PBXFrameworksBuildPhase;
			buildActionMask = 2147483647;
			files = (
			);
			runOnlyForDeploymentPostprocessing = 0;
		};
		CFF3B5A62032665900A165F1 /* Frameworks */ = {
			isa = PBXFrameworksBuildPhase;
			buildActionMask = 2147483647;
			files = (
			);
			runOnlyForDeploymentPostprocessing = 0;
		};
/* End PBXFrameworksBuildPhase section */

/* Begin PBXGroup section */
		CFF3B57B2032665900A165F1 = {
			isa = PBXGroup;
			children = (
				CFF3B5862032665900A165F1 /* WordDrop */,
				CFF3B5A12032665900A165F1 /* WordDropTests */,
				CFF3B5AC2032665900A165F1 /* WordDropUITests */,
				CFF3B5852032665900A165F1 /* Products */,
			);
			sourceTree = "<group>";
		};
		CFF3B5852032665900A165F1 /* Products */ = {
			isa = PBXGroup;
			children = (
				CFF3B5842032665900A165F1 /* WordDrop.app */,
				CFF3B59E2032665900A165F1 /* WordDropTests.xctest */,
				CFF3B5A92032665900A165F1 /* WordDropUITests.xctest */,
			);
			name = Products;
			sourceTree = "<group>";
		};
		CFF3B5862032665900A165F1 /* WordDrop */ = {
			isa = PBXGroup;
			children = (
				CFF3B5872032665900A165F1 /* AppDelegate.swift */,
				CFF3B5892032665900A165F1 /* GameScene.sks */,
				CFF3B58B2032665900A165F1 /* Actions.sks */,
				CFF3B58D2032665900A165F1 /* GameScene.swift */,
				CFF3B58F2032665900A165F1 /* GameViewController.swift */,
				CFF3B5912032665900A165F1 /* Main.storyboard */,
				CFF3B5942032665900A165F1 /* Assets.xcassets */,
				CFF3B5962032665900A165F1 /* LaunchScreen.storyboard */,
				CFF3B5992032665900A165F1 /* Info.plist */,
			);
			path = WordDrop;
			sourceTree = "<group>";
		};
		CFF3B5A12032665900A165F1 /* WordDropTests */ = {
			isa = PBXGroup;
			children = (
				CFF3B5A22032665900A165F1 /* WordDropTests.swift */,
				CFF3B5A42032665900A165F1 /* Info.plist */,
			);
			path = WordDropTests;
			sourceTree = "<group>";
		};
		CFF3B5AC2032665900A165F1 /* WordDropUITests */ = {
			isa = PBXGroup;
			children = (
				CFF3B5AD2032665900A165F1 /* WordDropUITests.swift */,
				CFF3B5AF2032665900A165F1 /* Info.plist */,
			);
			path = WordDropUITests;
			sourceTree = "<group>";
		};
/* End PBXGroup section */

/* Begin PBXNativeTarget section */
		CFF3B5832032665900A165F1 /* WordDrop */ = {
			isa = PBXNativeTarget;
			buildConfigurationList = CFF3B5B22032665900A165F1 /* Build configuration list for PBXNativeTarget "WordDrop" */;
			buildPhases = (
				CFF3B5802032665900A165F1 /* Sources */,
				CFF3B5812032665900A165F1 /* Frameworks */,
				CFF3B5822032665900A165F1 /* Resources */,
			);
			buildRules = (
			);
			dependencies = (
			);
			name = WordDrop;
			productName = WordDrop;
			productReference = CFF3B5842032665900A165F1 /* WordDrop.app */;
			productType = "com.apple.product-type.application";
		};
		CFF3B59D2032665900A165F1 /* WordDropTests */ = {
			isa = PBXNativeTarget;
			buildConfigurationList = CFF3B5B52032665900A165F1 /* Build configuration list for PBXNativeTarget "WordDropTests" */;
			buildPhases = (
				CFF3B59A2032665900A165F1 /* Sources */,
				CFF3B59B2032665900A165F1 /* Frameworks */,
				CFF3B59C2032665900A165F1 /* Resources */,
			);
			buildRules = (
			);
			dependencies = (
				CFF3B5A02032665900A165F1 /* PBXTargetDependency */,
			);
			name = WordDropTests;
			productName = WordDropTests;
			productReference = CFF3B59E2032665900A165F1 /* WordDropTests.xctest */;
			productType = "com.apple.product-type.bundle.unit-test";
		};
		CFF3B5A82032665900A165F1 /* WordDropUITests */ = {
			isa = PBXNativeTarget;
			buildConfigurationList = CFF3B5B82032665900A165F1 /* Build configuration list for PBXNativeTarget "WordDropUITests" */;
			buildPhases = (
				CFF3B5A52032665900A165F1 /* Sources */,
				CFF3B5A62032665900A165F1 /* Frameworks */,
				CFF3B5A72032665900A165F1 /* Resources */,
			);
			buildRules = (
			);
			dependencies = (
				CFF3B5AB2032665900A165F1 /* PBXTargetDependency */,
			);
			name = WordDropUITests;
			productName = WordDropUITests;
			productReference = CFF3B5A92032665900A165F1 /* WordDropUITests.xctest */;
			productType = "com.apple.product-type.bundle.ui-testing";
		};
/* End PBXNativeTarget section */

/* Begin PBXProject section */
		CFF3B57C2032665900A165F1 /* Project object */ = {
			isa = PBXProject;
			attributes = {
				LastSwiftUpdateCheck = 0920;
				LastUpgradeCheck = 0920;
				ORGANIZATIONNAME = cekisakurek;
				TargetAttributes = {
					CFF3B5832032665900A165F1 = {
						CreatedOnToolsVersion = 9.2;
						ProvisioningStyle = Automatic;
					};
					CFF3B59D2032665900A165F1 = {
						CreatedOnToolsVersion = 9.2;
						ProvisioningStyle = Automatic;
						TestTargetID = CFF3B5832032665900A165F1;
					};
					CFF3B5A82032665900A165F1 = {
						CreatedOnToolsVersion = 9.2;
						ProvisioningStyle = Automatic;
						TestTargetID = CFF3B5832032665900A165F1;
					};
				};
			};
			buildConfigurationList = CFF3B57F2032665900A165F1 /* Build configuration list for PBXProject "WordDrop" */;
			compatibilityVersion = "Xcode 8.0";
			developmentRegion = en;
			hasScannedForEncodings = 0;
			knownRegions = (
				en,
				Base,
			);
			mainGroup = CFF3B57B2032665900A165F1;
			productRefGroup = CFF3B5852032665900A165F1 /* Products */;
			projectDirPath = "";
			projectRoot = "";
			targets = (
				CFF3B5832032665900A165F1 /* WordDrop */,
				CFF3B59D2032665900A165F1 /* WordDropTests */,
				CFF3B5A82032665900A165F1 /* WordDropUITests */,
			);
		};
/* End PBXProject section */

/* Begin PBXResourcesBuildPhase section */
		CFF3B5822032665900A165F1 /* Resources */ = {
			isa = PBXResourcesBuildPhase;
			buildActionMask = 2147483647;
			files = (
				CFF3B5932032665900A165F1 /* Main.storyboard in Resources */,
				CFF3B58A2032665900A165F1 /* GameScene.sks in Resources */,
				CFF3B5952032665900A165F1 /* Assets.xcassets in Resources */,
				CFF3B5982032665900A165F1 /* LaunchScreen.storyboard in Resources */,
				CFF3B58C2032665900A165F1 /* Actions.sks in Resources */,
			);
			runOnlyForDeploymentPostprocessing = 0;
		};
		CFF3B59C2032665900A165F1 /* Resources */ = {
			isa = PBXResourcesBuildPhase;
			buildActionMask = 2147483647;
			files = (
			);
			runOnlyForDeploymentPostprocessing = 0;
		};
		CFF3B5A72032665900A165F1 /* Resources */ = {
			isa = PBXResourcesBuildPhase;
			buildActionMask = 2147483647;
			files = (
			);
			runOnlyForDeploymentPostprocessing = 0;
		};
/* End PBXResourcesBuildPhase section */

/* Begin PBXSourcesBuildPhase section */
		CFF3B5802032665900A165F1 /* Sources */ = {
			isa = PBXSourcesBuildPhase;
			buildActionMask = 2147483647;
			files = (
				CFF3B58E2032665900A165F1 /* GameScene.swift in Sources */,
				CFF3B5902032665900A165F1 /* GameViewController.swift in Sources */,
				CFF3B5882032665900A165F1 /* AppDelegate.swift in Sources */,
			);
			runOnlyForDeploymentPostprocessing = 0;
		};
		CFF3B59A2032665900A165F1 /* Sources */ = {
			isa = PBXSourcesBuildPhase;
			buildActionMask = 2147483647;
			files = (
				CFF3B5A32032665900A165F1 /* WordDropTests.swift in Sources */,
			);
			runOnlyForDeploymentPostprocessing = 0;
		};
		CFF3B5A52032665900A165F1 /* Sources */ = {
			isa = PBXSourcesBuildPhase;
			buildActionMask = 2147483647;
			files = (
				CFF3B5AE2032665900A165F1 /* WordDropUITests.swift in Sources */,
			);
			runOnlyForDeploymentPostprocessing = 0;
		};
/* End PBXSourcesBuildPhase section */

/* Begin PBXTargetDependency section */
		CFF3B5A02032665900A165F1 /* PBXTargetDependency */ = {
			isa = PBXTargetDependency;
			target = CFF3B5832032665900A165F1 /* WordDrop */;
			targetProxy = CFF3B59F2032665900A165F1 /* PBXContainerItemProxy */;
		};
		CFF3B5AB2032665900A165F1 /* PBXTargetDependency */ = {
			isa = PBXTargetDependency;
			target = CFF3B5832032665900A165F1 /* WordDrop */;
			targetProxy = CFF3B5AA2032665900A165F1 /* PBXContainerItemProxy */;
		};
/* End PBXTargetDependency section */

/* Begin PBXVariantGroup section */
		CFF3B5912032665900A165F1 /* Main.storyboard */ = {
			isa = PBXVariantGroup;
			children = (
				CFF3B5922032665900A165F1 /* Base */,
			);
			name = Main.storyboard;
			sourceTree = "<group>";
		};
		CFF3B5962032665900A165F1 /* LaunchScreen.storyboard */ = {
			isa = PBXVariantGroup;
			children = (
				CFF3B5972032665900A165F1 /* Base */,
			);
			name = LaunchScreen.storyboard;
			sourceTree = "<group>";
		};
/* End PBXVariantGroup section */

/* Begin XCBuildConfiguration section */
		CFF3B5B02032665900A165F1 /* Debug */ = {
			isa = XCBuildConfiguration;
			buildSettings = {
				ALWAYS_SEARCH_USER_PATHS = NO;
				CLANG_ANALYZER_NONNULL = YES;
				CLANG_ANALYZER_NUMBER_OBJECT_CONVERSION = YES_AGGRESSIVE;
				CLANG_CXX_LANGUAGE_STANDARD = "gnu++14";
				CLANG_CXX_LIBRARY = "libc++";
				CLANG_ENABLE_MODULES = YES;
				CLANG_ENABLE_OBJC_ARC = YES;
				CLANG_WARN_BLOCK_CAPTURE_AUTORELEASING = YES;
				CLANG_WARN_BOOL_CONVERSION = YES;
				CLANG_WARN_COMMA = YES;
				CLANG_WARN_CONSTANT_CONVERSION = YES;
				CLANG_WARN_DIRECT_OBJC_ISA_USAGE = YES_ERROR;
				CLANG_WARN_DOCUMENTATION_COMMENTS = YES;
				CLANG_WARN_EMPTY_BODY = YES;
				CLANG_WARN_ENUM_CONVERSION = YES;
				CLANG_WARN_INFINITE_RECURSION = YES;
				CLANG_WARN_INT_CONVERSION = YES;
				CLANG_WARN_NON_LITERAL_NULL_CONVERSION = YES;
				CLANG_WARN_OBJC_LITERAL_CONVERSION = YES;
				CLANG_WARN_OBJC_ROOT_CLASS = YES_ERROR;
				CLANG_WARN_RANGE_LOOP_ANALYSIS = YES;
				CLANG_WARN_STRICT_PROTOTYPES = YES;
				CLANG_WARN_SUSPICIOUS_MOVE = YES;
				CLANG_WARN_UNGUARDED_AVAILABILITY = YES_AGGRESSIVE;
				CLANG_WARN_UNREACHABLE_CODE = YES;
				CLANG_WARN__DUPLICATE_METHOD_MATCH = YES;
				CODE_SIGN_IDENTITY = "iPhone Developer";
				COPY_PHASE_STRIP = NO;
				DEBUG_INFORMATION_FORMAT = dwarf;
				ENABLE_STRICT_OBJC_MSGSEND = YES;
				ENABLE_TESTABILITY = YES;
				GCC_C_LANGUAGE_STANDARD = gnu11;
				GCC_DYNAMIC_NO_PIC = NO;
				GCC_NO_COMMON_BLOCKS = YES;
				GCC_OPTIMIZATION_LEVEL = 0;
				GCC_PREPROCESSOR_DEFINITIONS = (
					"DEBUG=1",
					"$(inherited)",
				);
				GCC_WARN_64_TO_32_BIT_CONVERSION = YES;
				GCC_WARN_ABOUT_RETURN_TYPE = YES_ERROR;
				GCC_WARN_UNDECLARED_SELECTOR = YES;
				GCC_WARN_UNINITIALIZED_AUTOS = YES_AGGRESSIVE;
				GCC_WARN_UNUSED_FUNCTION = YES;
				GCC_WARN_UNUSED_VARIABLE = YES;
				IPHONEOS_DEPLOYMENT_TARGET = 11.2;
				MTL_ENABLE_DEBUG_INFO = YES;
				ONLY_ACTIVE_ARCH = YES;
				SDKROOT = iphoneos;
				SWIFT_ACTIVE_COMPILATION_CONDITIONS = DEBUG;
				SWIFT_OPTIMIZATION_LEVEL = "-Onone";
			};
			name = Debug;
		};
		CFF3B5B12032665900A165F1 /* Release */ = {
			isa = XCBuildConfiguration;
			buildSettings = {
				ALWAYS_SEARCH_USER_PATHS = NO;
				CLANG_ANALYZER_NONNULL = YES;
				CLANG_ANALYZER_NUMBER_OBJECT_CONVERSION = YES_AGGRESSIVE;
				CLANG_CXX_LANGUAGE_STANDARD = "gnu++14";
				CLANG_CXX_LIBRARY = "libc++";
				CLANG_ENABLE_MODULES = YES;
				CLANG_ENABLE_OBJC_ARC = YES;
				CLANG_WARN_BLOCK_CAPTURE_AUTORELEASING = YES;
				CLANG_WARN_BOOL_CONVERSION = YES;
				CLANG_WARN_COMMA = YES;
				CLANG_WARN_CONSTANT_CONVERSION = YES;
				CLANG_WARN_DIRECT_OBJC_ISA_USAGE = YES_ERROR;
				CLANG_WARN_DOCUMENTATION_COMMENTS = YES;
				CLANG_WARN_EMPTY_BODY = YES;
				CLANG_WARN_ENUM_CONVERSION = YES;
				CLANG_WARN_INFINITE_RECURSION = YES;
				CLANG_WARN_INT_CONVERSION = YES;
				CLANG_WARN_NON_LITERAL_NULL_CONVERSION = YES;
				CLANG_WARN_OBJC_LITERAL_CONVERSION = YES;
				CLANG_WARN_OBJC_ROOT_CLASS = YES_ERROR;
				CLANG_WARN_RANGE_LOOP_ANALYSIS = YES;
				CLANG_WARN_STRICT_PROTOTYPES = YES;
				CLANG_WARN_SUSPICIOUS_MOVE = YES;
				CLANG_WARN_UNGUARDED_AVAILABILITY = YES_AGGRESSIVE;
				CLANG_WARN_UNREACHABLE_CODE = YES;
				CLANG_WARN__DUPLICATE_METHOD_MATCH = YES;
				CODE_SIGN_IDENTITY = "iPhone Developer";
				COPY_PHASE_STRIP = NO;
				DEBUG_INFORMATION_FORMAT = "dwarf-with-dsym";
				ENABLE_NS_ASSERTIONS = NO;
				ENABLE_STRICT_OBJC_MSGSEND = YES;
				GCC_C_LANGUAGE_STANDARD = gnu11;
				GCC_NO_COMMON_BLOCKS = YES;
				GCC_WARN_64_TO_32_BIT_CONVERSION = YES;
				GCC_WARN_ABOUT_RETURN_TYPE = YES_ERROR;
				GCC_WARN_UNDECLARED_SELECTOR = YES;
				GCC_WARN_UNINITIALIZED_AUTOS = YES_AGGRESSIVE;
				GCC_WARN_UNUSED_FUNCTION = YES;
				GCC_WARN_UNUSED_VARIABLE = YES;
				IPHONEOS_DEPLOYMENT_TARGET = 11.2;
				MTL_ENABLE_DEBUG_INFO = NO;
				SDKROOT = iphoneos;
				SWIFT_OPTIMIZATION_LEVEL = "-Owholemodule";
				VALIDATE_PRODUCT = YES;
			};
			name = Release;
		};
		CFF3B5B32032665900A165F1 /* Debug */ = {
			isa = XCBuildConfiguration;
			buildSettings = {
				ASSETCATALOG_COMPILER_APPICON_NAME = AppIcon;
				CODE_SIGN_STYLE = Automatic;
				DEVELOPMENT_TEAM = PLB3C98PD3;
				INFOPLIST_FILE = WordDrop/Info.plist;
				LD_RUNPATH_SEARCH_PATHS = "$(inherited) @executable_path/Frameworks";
				PRODUCT_BUNDLE_IDENTIFIER = com.cekisakurek.WordDrop;
				PRODUCT_NAME = "$(TARGET_NAME)";
				SWIFT_VERSION = 4.0;
				TARGETED_DEVICE_FAMILY = "1,2";
			};
			name = Debug;
		};
		CFF3B5B42032665900A165F1 /* Release */ = {
			isa = XCBuildConfiguration;
			buildSettings = {
				ASSETCATALOG_COMPILER_APPICON_NAME = AppIcon;
				CODE_SIGN_STYLE = Automatic;
				DEVELOPMENT_TEAM = PLB3C98PD3;
				INFOPLIST_FILE = WordDrop/Info.plist;
				LD_RUNPATH_SEARCH_PATHS = "$(inherited) @executable_path/Frameworks";
				PRODUCT_BUNDLE_IDENTIFIER = com.cekisakurek.WordDrop;
				PRODUCT_NAME = "$(TARGET_NAME)";
				SWIFT_VERSION = 4.0;
				TARGETED_DEVICE_FAMILY = "1,2";
			};
			name = Release;
		};
		CFF3B5B62032665900A165F1 /* Debug */ = {
			isa = XCBuildConfiguration;
			buildSettings = {
				ALWAYS_EMBED_SWIFT_STANDARD_LIBRARIES = YES;
				BUNDLE_LOADER = "$(TEST_HOST)";
				CODE_SIGN_STYLE = Automatic;
				DEVELOPMENT_TEAM = PLB3C98PD3;
				INFOPLIST_FILE = WordDropTests/Info.plist;
				LD_RUNPATH_SEARCH_PATHS = "$(inherited) @executable_path/Frameworks @loader_path/Frameworks";
				PRODUCT_BUNDLE_IDENTIFIER = com.cekisakurek.WordDropTests;
				PRODUCT_NAME = "$(TARGET_NAME)";
				SWIFT_VERSION = 4.0;
				TARGETED_DEVICE_FAMILY = "1,2";
				TEST_HOST = "$(BUILT_PRODUCTS_DIR)/WordDrop.app/WordDrop";
			};
			name = Debug;
		};
		CFF3B5B72032665900A165F1 /* Release */ = {
			isa = XCBuildConfiguration;
			buildSettings = {
				ALWAYS_EMBED_SWIFT_STANDARD_LIBRARIES = YES;
				BUNDLE_LOADER = "$(TEST_HOST)";
				CODE_SIGN_STYLE = Automatic;
				DEVELOPMENT_TEAM = PLB3C98PD3;
				INFOPLIST_FILE = WordDropTests/Info.plist;
				LD_RUNPATH_SEARCH_PATHS = "$(inherited) @executable_path/Frameworks @loader_path/Frameworks";
				PRODUCT_BUNDLE_IDENTIFIER = com.cekisakurek.WordDropTests;
				PRODUCT_NAME = "$(TARGET_NAME)";
				SWIFT_VERSION = 4.0;
				TARGETED_DEVICE_FAMILY = "1,2";
				TEST_HOST = "$(BUILT_PRODUCTS_DIR)/WordDrop.app/WordDrop";
			};
			name = Release;
		};
		CFF3B5B92032665900A165F1 /* Debug */ = {
			isa = XCBuildConfiguration;
			buildSettings = {
				ALWAYS_EMBED_SWIFT_STANDARD_LIBRARIES = YES;
				CODE_SIGN_STYLE = Automatic;
				DEVELOPMENT_TEAM = PLB3C98PD3;
				INFOPLIST_FILE = WordDropUITests/Info.plist;
				LD_RUNPATH_SEARCH_PATHS = "$(inherited) @executable_path/Frameworks @loader_path/Frameworks";
				PRODUCT_BUNDLE_IDENTIFIER = com.cekisakurek.WordDropUITests;
				PRODUCT_NAME = "$(TARGET_NAME)";
				SWIFT_VERSION = 4.0;
				TARGETED_DEVICE_FAMILY = "1,2";
				TEST_TARGET_NAME = WordDrop;
			};
			name = Debug;
		};
		CFF3B5BA2032665900A165F1 /* Release */ = {
			isa = XCBuildConfiguration;
			buildSettings = {
				ALWAYS_EMBED_SWIFT_STANDARD_LIBRARIES = YES;
				CODE_SIGN_STYLE = Automatic;
				DEVELOPMENT_TEAM = PLB3C98PD3;
				INFOPLIST_FILE = WordDropUITests/Info.plist;
				LD_RUNPATH_SEARCH_PATHS = "$(inherited) @executable_path/Frameworks @loader_path/Frameworks";
				PRODUCT_BUNDLE_IDENTIFIER = com.cekisakurek.WordDropUITests;
				PRODUCT_NAME = "$(TARGET_NAME)";
				SWIFT_VERSION = 4.0;
				TARGETED_DEVICE_FAMILY = "1,2";
				TEST_TARGET_NAME = WordDrop;
			};
			name = Release;
		};
/* End XCBuildConfiguration section */

/* Begin XCConfigurationList section */
		CFF3B57F2032665900A165F1 /* Build configuration list for PBXProject "WordDrop" */ = {
			isa = XCConfigurationList;
			buildConfigurations = (
				CFF3B5B02032665900A165F1 /* Debug */,
				CFF3B5B12032665900A165F1 /* Release */,
			);
			defaultConfigurationIsVisible = 0;
			defaultConfigurationName = Release;
		};
		CFF3B5B22032665900A165F1 /* Build configuration list for PBXNativeTarget "WordDrop" */ = {
			isa = XCConfigurationList;
			buildConfigurations = (
				CFF3B5B32032665900A165F1 /* Debug */,
				CFF3B5B42032665900A165F1 /* Release */,
			);
			defaultConfigurationIsVisible = 0;
			defaultConfigurationName = Release;
		};
		CFF3B5B52032665900A165F1 /* Build configuration list for PBXNativeTarget "WordDropTests" */ = {
			isa = XCConfigurationList;
			buildConfigurations = (
				CFF3B5B62032665900A165F1 /* Debug */,
				CFF3B5B72032665900A165F1 /* Release */,
			);
			defaultConfigurationIsVisible = 0;
			defaultConfigurationName = Release;
		};
		CFF3B5B82032665900A165F1 /* Build configuration list for PBXNativeTarget "WordDropUITests" */ = {
			isa = XCConfigurationList;
			buildConfigurations = (
				CFF3B5B92032665900A165F1 /* Debug */,
				CFF3B5BA2032665900A165F1 /* Release */,
			);
			defaultConfigurationIsVisible = 0;
			defaultConfigurationName = Release;
		};
/* End XCConfigurationList section */
	};
	rootObject = CFF3B57C2032665900A165F1 /* Project object */;
}
